PODS:
  - Alamofire (5.6.4)
  - Kingfisher (7.5.0)
  - SkeletonView (1.30.4)

DEPENDENCIES:
  - Alamofire
  - Kingfisher
  - SkeletonView

SPEC REPOS:
  trunk:
    - Alamofire
    - Kingfisher
    - SkeletonView

SPEC CHECKSUMS:
  Alamofire: 4e95d97098eacb88856099c4fc79b526a299e48c
  Kingfisher: b9c2a4a4af2990a768445c277359b27bde287d71
  SkeletonView: 5a050f6411e697abd4cda0a8d767013399dccd69

PODFILE CHECKSUM: 4819507daf29b4a8ec5ee717b6dfdd3b12211b0e

COCOAPODS: 1.11.3
